
Microsoft Visual Studio Solution File, Format Version 12.00
# Visual Studio 15
VisualStudioVersion = 15.0.28307.329
MinimumVisualStudioVersion = 10.0.40219.1
Project("{FAE04EC0-301F-11D3-BF4B-00C04F79EFBC}") = "oop1", "oop1\oop1.csproj", "{4049B7DE-3AD0-4CE0-BA48-C0F8F57FD3BF}"
EndProject
Project("{FAE04EC0-301F-11D3-BF4B-00C04F79EFBC}") = "MailServer", "MailServer\MailServer.csproj", "{EFBDB94F-C81D-4658-B607-683ACFDA38C6}"
EndProject
Global
	GlobalSection(SolutionConfigurationPlatforms) = preSolution
		Debug|Any CPU = Debug|Any CPU
		Release|Any CPU = Release|Any CPU
	EndGlobalSection
	GlobalSection(ProjectConfigurationPlatforms) = postSolution
		{4049B7DE-3AD0-4CE0-BA48-C0F8F57FD3BF}.Debug|Any CPU.ActiveCfg = Debug|Any CPU
		{4049B7DE-3AD0-4CE0-BA48-C0F8F57FD3BF}.Debug|Any CPU.Build.0 = Debug|Any CPU
		{4049B7DE-3AD0-4CE0-BA48-C0F8F57FD3BF}.Release|Any CPU.ActiveCfg = Release|Any CPU
		{4049B7DE-3AD0-4CE0-BA48-C0F8F57FD3BF}.Release|Any CPU.Build.0 = Release|Any CPU
		{EFBDB94F-C81D-4658-B607-683ACFDA38C6}.Debug|Any CPU.ActiveCfg = Debug|Any CPU
		{EFBDB94F-C81D-4658-B607-683ACFDA38C6}.Debug|Any CPU.Build.0 = Debug|Any CPU
		{EFBDB94F-C81D-4658-B607-683ACFDA38C6}.Release|Any CPU.ActiveCfg = Release|Any CPU
		{EFBDB94F-C81D-4658-B607-683ACFDA38C6}.Release|Any CPU.Build.0 = Release|Any CPU
	EndGlobalSection
	GlobalSection(SolutionProperties) = preSolution
		HideSolutionNode = FALSE
	EndGlobalSection
	GlobalSection(ExtensibilityGlobals) = postSolution
		SolutionGuid = {F281E5FE-D0AF-4B8E-80B5-8156C147AE11}
	EndGlobalSection
EndGlobal
